// !$*UTF8*$!
{
	archiveVersion = 1;
	classes = {
	};
	objectVersion = 56;
	objects = {

/* Begin PBXBuildFile section */
		2138CDE22D2BFD29005F95F4 /* CustomButtonExample_iOSApp.swift in Sources */ = {isa = PBXBuildFile; fileRef = 2138CDE12D2BFD29005F95F4 /* CustomButtonExample_iOSApp.swift */; };
		2138CDE42D2BFD29005F95F4 /* ContentView.swift in Sources */ = {isa = PBXBuildFile; fileRef = 2138CDE32D2BFD29005F95F4 /* ContentView.swift */; };
		2138CDE62D2BFD2A005F95F4 /* Assets.xcassets in Resources */ = {isa = PBXBuildFile; fileRef = 2138CDE52D2BFD2A005F95F4 /* Assets.xcassets */; };
		2138CDE92D2BFD2A005F95F4 /* Preview Assets.xcassets in Resources */ = {isa = PBXBuildFile; fileRef = 2138CDE82D2BFD2A005F95F4 /* Preview Assets.xcassets */; };
		2138CDF32D2BFD2A005F95F4 /* CustomButtonExample_iOSTests.swift in Sources */ = {isa = PBXBuildFile; fileRef = 2138CDF22D2BFD2A005F95F4 /* CustomButtonExample_iOSTests.swift */; };
		2138CDFD2D2BFD2A005F95F4 /* CustomButtonExample_iOSUITests.swift in Sources */ = {isa = PBXBuildFile; fileRef = 2138CDFC2D2BFD2A005F95F4 /* CustomButtonExample_iOSUITests.swift */; };
		2138CDFF2D2BFD2A005F95F4 /* CustomButtonExample_iOSUITestsLaunchTests.swift in Sources */ = {isa = PBXBuildFile; fileRef = 2138CDFE2D2BFD2A005F95F4 /* CustomButtonExample_iOSUITestsLaunchTests.swift */; };
		2138CE0C2D2BFD46005F95F4 /* CustomButton.xcframework in Frameworks */ = {isa = PBXBuildFile; fileRef = 2138CE0B2D2BFD46005F95F4 /* CustomButton.xcframework */; };
		2138CE0D2D2BFD46005F95F4 /* CustomButton.xcframework in Frameworks */ = {isa = PBXBuildFile; fileRef = 2138CE0B2D2BFD46005F95F4 /* CustomButton.xcframework */; };
		2138CE0E2D2BFD46005F95F4 /* CustomButton.xcframework in Frameworks */ = {isa = PBXBuildFile; fileRef = 2138CE0B2D2BFD46005F95F4 /* CustomButton.xcframework */; };
/* End PBXBuildFile section */

/* Begin PBXContainerItemProxy section */
		2138CDEF2D2BFD2A005F95F4 /* PBXContainerItemProxy */ = {
			isa = PBXContainerItemProxy;
			containerPortal = 2138CDD62D2BFD29005F95F4 /* Project object */;
			proxyType = 1;
			remoteGlobalIDString = 2138CDDD2D2BFD29005F95F4;
			remoteInfo = "CustomButtonExample-iOS";
		};
		2138CDF92D2BFD2A005F95F4 /* PBXContainerItemProxy */ = {
			isa = PBXContainerItemProxy;
			containerPortal = 2138CDD62D2BFD29005F95F4 /* Project object */;
			proxyType = 1;
			remoteGlobalIDString = 2138CDDD2D2BFD29005F95F4;
			remoteInfo = "CustomButtonExample-iOS";
		};
/* End PBXContainerItemProxy section */

/* Begin PBXFileReference section */
		2138CDDE2D2BFD29005F95F4 /* CustomButtonExample-iOS.app */ = {isa = PBXFileReference; explicitFileType = wrapper.application; includeInIndex = 0; path = "CustomButtonExample-iOS.app"; sourceTree = BUILT_PRODUCTS_DIR; };
		2138CDE12D2BFD29005F95F4 /* CustomButtonExample_iOSApp.swift */ = {isa = PBXFileReference; lastKnownFileType = sourcecode.swift; path = CustomButtonExample_iOSApp.swift; sourceTree = "<group>"; };
		2138CDE32D2BFD29005F95F4 /* ContentView.swift */ = {isa = PBXFileReference; lastKnownFileType = sourcecode.swift; path = ContentView.swift; sourceTree = "<group>"; };
		2138CDE52D2BFD2A005F95F4 /* Assets.xcassets */ = {isa = PBXFileReference; lastKnownFileType = folder.assetcatalog; path = Assets.xcassets; sourceTree = "<group>"; };
		2138CDE82D2BFD2A005F95F4 /* Preview Assets.xcassets */ = {isa = PBXFileReference; lastKnownFileType = folder.assetcatalog; path = "Preview Assets.xcassets"; sourceTree = "<group>"; };
		2138CDEE2D2BFD2A005F95F4 /* CustomButtonExample-iOSTests.xctest */ = {isa = PBXFileReference; explicitFileType = wrapper.cfbundle; includeInIndex = 0; path = "CustomButtonExample-iOSTests.xctest"; sourceTree = BUILT_PRODUCTS_DIR; };
		2138CDF22D2BFD2A005F95F4 /* CustomButtonExample_iOSTests.swift */ = {isa = PBXFileReference; lastKnownFileType = sourcecode.swift; path = CustomButtonExample_iOSTests.swift; sourceTree = "<group>"; };
		2138CDF82D2BFD2A005F95F4 /* CustomButtonExample-iOSUITests.xctest */ = {isa = PBXFileReference; explicitFileType = wrapper.cfbundle; includeInIndex = 0; path = "CustomButtonExample-iOSUITests.xctest"; sourceTree = BUILT_PRODUCTS_DIR; };
		2138CDFC2D2BFD2A005F95F4 /* CustomButtonExample_iOSUITests.swift */ = {isa = PBXFileReference; lastKnownFileType = sourcecode.swift; path = CustomButtonExample_iOSUITests.swift; sourceTree = "<group>"; };
		2138CDFE2D2BFD2A005F95F4 /* CustomButtonExample_iOSUITestsLaunchTests.swift */ = {isa = PBXFileReference; lastKnownFileType = sourcecode.swift; path = CustomButtonExample_iOSUITestsLaunchTests.swift; sourceTree = "<group>"; };
		2138CE0B2D2BFD46005F95F4 /* CustomButton.xcframework */ = {isa = PBXFileReference; lastKnownFileType = wrapper.xcframework; path = CustomButton.xcframework; sourceTree = "<group>"; };
/* End PBXFileReference section */

/* Begin PBXFrameworksBuildPhase section */
		2138CDDB2D2BFD29005F95F4 /* Frameworks */ = {
			isa = PBXFrameworksBuildPhase;
			buildActionMask = 2147483647;
			files = (
				2138CE0C2D2BFD46005F95F4 /* CustomButton.xcframework in Frameworks */,
			);
			runOnlyForDeploymentPostprocessing = 0;
		};
		2138CDEB2D2BFD2A005F95F4 /* Frameworks */ = {
			isa = PBXFrameworksBuildPhase;
			buildActionMask = 2147483647;
			files = (
				2138CE0D2D2BFD46005F95F4 /* CustomButton.xcframework in Frameworks */,
			);
			runOnlyForDeploymentPostprocessing = 0;
		};
		2138CDF52D2BFD2A005F95F4 /* Frameworks */ = {
			isa = PBXFrameworksBuildPhase;
			buildActionMask = 2147483647;
			files = (
				2138CE0E2D2BFD46005F95F4 /* CustomButton.xcframework in Frameworks */,
			);
			runOnlyForDeploymentPostprocessing = 0;
		};
/* End PBXFrameworksBuildPhase section */

/* Begin PBXGroup section */
		2138CDD52D2BFD29005F95F4 = {
			isa = PBXGroup;
			children = (
				2138CE0B2D2BFD46005F95F4 /* CustomButton.xcframework */,
				2138CDE02D2BFD29005F95F4 /* CustomButtonExample-iOS */,
				2138CDF12D2BFD2A005F95F4 /* CustomButtonExample-iOSTests */,
				2138CDFB2D2BFD2A005F95F4 /* CustomButtonExample-iOSUITests */,
				2138CDDF2D2BFD29005F95F4 /* Products */,
			);
			sourceTree = "<group>";
		};
		2138CDDF2D2BFD29005F95F4 /* Products */ = {
			isa = PBXGroup;
			children = (
				2138CDDE2D2BFD29005F95F4 /* CustomButtonExample-iOS.app */,
				2138CDEE2D2BFD2A005F95F4 /* CustomButtonExample-iOSTests.xctest */,
				2138CDF82D2BFD2A005F95F4 /* CustomButtonExample-iOSUITests.xctest */,
			);
			name = Products;
			sourceTree = "<group>";
		};
		2138CDE02D2BFD29005F95F4 /* CustomButtonExample-iOS */ = {
			isa = PBXGroup;
			children = (
				2138CDE12D2BFD29005F95F4 /* CustomButtonExample_iOSApp.swift */,
				2138CDE32D2BFD29005F95F4 /* ContentView.swift */,
				2138CDE52D2BFD2A005F95F4 /* Assets.xcassets */,
				2138CDE72D2BFD2A005F95F4 /* Preview Content */,
			);
			path = "CustomButtonExample-iOS";
			sourceTree = "<group>";
		};
		2138CDE72D2BFD2A005F95F4 /* Preview Content */ = {
			isa = PBXGroup;
			children = (
				2138CDE82D2BFD2A005F95F4 /* Preview Assets.xcassets */,
			);
			path = "Preview Content";
			sourceTree = "<group>";
		};
		2138CDF12D2BFD2A005F95F4 /* CustomButtonExample-iOSTests */ = {
			isa = PBXGroup;
			children = (
				2138CDF22D2BFD2A005F95F4 /* CustomButtonExample_iOSTests.swift */,
			);
			path = "CustomButtonExample-iOSTests";
			sourceTree = "<group>";
		};
		2138CDFB2D2BFD2A005F95F4 /* CustomButtonExample-iOSUITests */ = {
			isa = PBXGroup;
			children = (
				2138CDFC2D2BFD2A005F95F4 /* CustomButtonExample_iOSUITests.swift */,
				2138CDFE2D2BFD2A005F95F4 /* CustomButtonExample_iOSUITestsLaunchTests.swift */,
			);
			path = "CustomButtonExample-iOSUITests";
			sourceTree = "<group>";
		};
/* End PBXGroup section */

/* Begin PBXNativeTarget section */
		2138CDDD2D2BFD29005F95F4 /* CustomButtonExample-iOS */ = {
			isa = PBXNativeTarget;
			buildConfigurationList = 2138CE022D2BFD2A005F95F4 /* Build configuration list for PBXNativeTarget "CustomButtonExample-iOS" */;
			buildPhases = (
				2138CDDA2D2BFD29005F95F4 /* Sources */,
				2138CDDB2D2BFD29005F95F4 /* Frameworks */,
				2138CDDC2D2BFD29005F95F4 /* Resources */,
			);
			buildRules = (
			);
			dependencies = (
			);
			name = "CustomButtonExample-iOS";
			productName = "CustomButtonExample-iOS";
			productReference = 2138CDDE2D2BFD29005F95F4 /* CustomButtonExample-iOS.app */;
			productType = "com.apple.product-type.application";
		};
		2138CDED2D2BFD2A005F95F4 /* CustomButtonExample-iOSTests */ = {
			isa = PBXNativeTarget;
			buildConfigurationList = 2138CE052D2BFD2A005F95F4 /* Build configuration list for PBXNativeTarget "CustomButtonExample-iOSTests" */;
			buildPhases = (
				2138CDEA2D2BFD2A005F95F4 /* Sources */,
				2138CDEB2D2BFD2A005F95F4 /* Frameworks */,
				2138CDEC2D2BFD2A005F95F4 /* Resources */,
			);
			buildRules = (
			);
			dependencies = (
				2138CDF02D2BFD2A005F95F4 /* PBXTargetDependency */,
			);
			name = "CustomButtonExample-iOSTests";
			productName = "CustomButtonExample-iOSTests";
			productReference = 2138CDEE2D2BFD2A005F95F4 /* CustomButtonExample-iOSTests.xctest */;
			productType = "com.apple.product-type.bundle.unit-test";
		};
		2138CDF72D2BFD2A005F95F4 /* CustomButtonExample-iOSUITests */ = {
			isa = PBXNativeTarget;
			buildConfigurationList = 2138CE082D2BFD2A005F95F4 /* Build configuration list for PBXNativeTarget "CustomButtonExample-iOSUITests" */;
			buildPhases = (
				2138CDF42D2BFD2A005F95F4 /* Sources */,
				2138CDF52D2BFD2A005F95F4 /* Frameworks */,
				2138CDF62D2BFD2A005F95F4 /* Resources */,
			);
			buildRules = (
			);
			dependencies = (
				2138CDFA2D2BFD2A005F95F4 /* PBXTargetDependency */,
			);
			name = "CustomButtonExample-iOSUITests";
			productName = "CustomButtonExample-iOSUITests";
			productReference = 2138CDF82D2BFD2A005F95F4 /* CustomButtonExample-iOSUITests.xctest */;
			productType = "com.apple.product-type.bundle.ui-testing";
		};
/* End PBXNativeTarget section */

/* Begin PBXProject section */
		2138CDD62D2BFD29005F95F4 /* Project object */ = {
			isa = PBXProject;
			attributes = {
				BuildIndependentTargetsInParallel = 1;
				LastSwiftUpdateCheck = 1540;
				LastUpgradeCheck = 1540;
				TargetAttributes = {
					2138CDDD2D2BFD29005F95F4 = {
						CreatedOnToolsVersion = 15.4;
					};
					2138CDED2D2BFD2A005F95F4 = {
						CreatedOnToolsVersion = 15.4;
						TestTargetID = 2138CDDD2D2BFD29005F95F4;
					};
					2138CDF72D2BFD2A005F95F4 = {
						CreatedOnToolsVersion = 15.4;
						TestTargetID = 2138CDDD2D2BFD29005F95F4;
					};
				};
			};
			buildConfigurationList = 2138CDD92D2BFD29005F95F4 /* Build configuration list for PBXProject "CustomButtonExample-iOS" */;
			compatibilityVersion = "Xcode 14.0";
			developmentRegion = en;
			hasScannedForEncodings = 0;
			knownRegions = (
				en,
				Base,
			);
			mainGroup = 2138CDD52D2BFD29005F95F4;
			productRefGroup = 2138CDDF2D2BFD29005F95F4 /* Products */;
			projectDirPath = "";
			projectRoot = "";
			targets = (
				2138CDDD2D2BFD29005F95F4 /* CustomButtonExample-iOS */,
				2138CDED2D2BFD2A005F95F4 /* CustomButtonExample-iOSTests */,
				2138CDF72D2BFD2A005F95F4 /* CustomButtonExample-iOSUITests */,
			);
		};
/* End PBXProject section */

/* Begin PBXResourcesBuildPhase section */
		2138CDDC2D2BFD29005F95F4 /* Resources */ = {
			isa = PBXResourcesBuildPhase;
			buildActionMask = 2147483647;
			files = (
				2138CDE92D2BFD2A005F95F4 /* Preview Assets.xcassets in Resources */,
				2138CDE62D2BFD2A005F95F4 /* Assets.xcassets in Resources */,
			);
			runOnlyForDeploymentPostprocessing = 0;
		};
		2138CDEC2D2BFD2A005F95F4 /* Resources */ = {
			isa = PBXResourcesBuildPhase;
			buildActionMask = 2147483647;
			files = (
			);
			runOnlyForDeploymentPostprocessing = 0;
		};
		2138CDF62D2BFD2A005F95F4 /* Resources */ = {
			isa = PBXResourcesBuildPhase;
			buildActionMask = 2147483647;
			files = (
			);
			runOnlyForDeploymentPostprocessing = 0;
		};
/* End PBXResourcesBuildPhase section */

/* Begin PBXSourcesBuildPhase section */
		2138CDDA2D2BFD29005F95F4 /* Sources */ = {
			isa = PBXSourcesBuildPhase;
			buildActionMask = 2147483647;
			files = (
				2138CDE42D2BFD29005F95F4 /* ContentView.swift in Sources */,
				2138CDE22D2BFD29005F95F4 /* CustomButtonExample_iOSApp.swift in Sources */,
			);
			runOnlyForDeploymentPostprocessing = 0;
		};
		2138CDEA2D2BFD2A005F95F4 /* Sources */ = {
			isa = PBXSourcesBuildPhase;
			buildActionMask = 2147483647;
			files = (
				2138CDF32D2BFD2A005F95F4 /* CustomButtonExample_iOSTests.swift in Sources */,
			);
			runOnlyForDeploymentPostprocessing = 0;
		};
		2138CDF42D2BFD2A005F95F4 /* Sources */ = {
			isa = PBXSourcesBuildPhase;
			buildActionMask = 2147483647;
			files = (
				2138CDFF2D2BFD2A005F95F4 /* CustomButtonExample_iOSUITestsLaunchTests.swift in Sources */,
				2138CDFD2D2BFD2A005F95F4 /* CustomButtonExample_iOSUITests.swift in Sources */,
			);
			runOnlyForDeploymentPostprocessing = 0;
		};
/* End PBXSourcesBuildPhase section */

/* Begin PBXTargetDependency section */
		2138CDF02D2BFD2A005F95F4 /* PBXTargetDependency */ = {
			isa = PBXTargetDependency;
			target = 2138CDDD2D2BFD29005F95F4 /* CustomButtonExample-iOS */;
			targetProxy = 2138CDEF2D2BFD2A005F95F4 /* PBXContainerItemProxy */;
		};
		2138CDFA2D2BFD2A005F95F4 /* PBXTargetDependency */ = {
			isa = PBXTargetDependency;
			target = 2138CDDD2D2BFD29005F95F4 /* CustomButtonExample-iOS */;
			targetProxy = 2138CDF92D2BFD2A005F95F4 /* PBXContainerItemProxy */;
		};
/* End PBXTargetDependency section */

/* Begin XCBuildConfiguration section */
		2138CE002D2BFD2A005F95F4 /* Debug */ = {
			isa = XCBuildConfiguration;
			buildSettings = {
				ALWAYS_SEARCH_USER_PATHS = NO;
				ASSETCATALOG_COMPILER_GENERATE_SWIFT_ASSET_SYMBOL_EXTENSIONS = YES;
				CLANG_ANALYZER_NONNULL = YES;
				CLANG_ANALYZER_NUMBER_OBJECT_CONVERSION = YES_AGGRESSIVE;
				CLANG_CXX_LANGUAGE_STANDARD = "gnu++20";
				CLANG_ENABLE_MODULES = YES;
				CLANG_ENABLE_OBJC_ARC = YES;
				CLANG_ENABLE_OBJC_WEAK = YES;
				CLANG_WARN_BLOCK_CAPTURE_AUTORELEASING = YES;
				CLANG_WARN_BOOL_CONVERSION = YES;
				CLANG_WARN_COMMA = YES;
				CLANG_WARN_CONSTANT_CONVERSION = YES;
				CLANG_WARN_DEPRECATED_OBJC_IMPLEMENTATIONS = YES;
				CLANG_WARN_DIRECT_OBJC_ISA_USAGE = YES_ERROR;
				CLANG_WARN_DOCUMENTATION_COMMENTS = YES;
				CLANG_WARN_EMPTY_BODY = YES;
				CLANG_WARN_ENUM_CONVERSION = YES;
				CLANG_WARN_INFINITE_RECURSION = YES;
				CLANG_WARN_INT_CONVERSION = YES;
				CLANG_WARN_NON_LITERAL_NULL_CONVERSION = YES;
				CLANG_WARN_OBJC_IMPLICIT_RETAIN_SELF = YES;
				CLANG_WARN_OBJC_LITERAL_CONVERSION = YES;
				CLANG_WARN_OBJC_ROOT_CLASS = YES_ERROR;
				CLANG_WARN_QUOTED_INCLUDE_IN_FRAMEWORK_HEADER = YES;
				CLANG_WARN_RANGE_LOOP_ANALYSIS = YES;
				CLANG_WARN_STRICT_PROTOTYPES = YES;
				CLANG_WARN_SUSPICIOUS_MOVE = YES;
				CLANG_WARN_UNGUARDED_AVAILABILITY = YES_AGGRESSIVE;
				CLANG_WARN_UNREACHABLE_CODE = YES;
				CLANG_WARN__DUPLICATE_METHOD_MATCH = YES;
				COPY_PHASE_STRIP = NO;
				DEBUG_INFORMATION_FORMAT = dwarf;
				ENABLE_STRICT_OBJC_MSGSEND = YES;
				ENABLE_TESTABILITY = YES;
				ENABLE_USER_SCRIPT_SANDBOXING = YES;
				GCC_C_LANGUAGE_STANDARD = gnu17;
				GCC_DYNAMIC_NO_PIC = NO;
				GCC_NO_COMMON_BLOCKS = YES;
				GCC_OPTIMIZATION_LEVEL = 0;
				GCC_PREPROCESSOR_DEFINITIONS = (
					"DEBUG=1",
					"$(inherited)",
				);
				GCC_WARN_64_TO_32_BIT_CONVERSION = YES;
				GCC_WARN_ABOUT_RETURN_TYPE = YES_ERROR;
				GCC_WARN_UNDECLARED_SELECTOR = YES;
				GCC_WARN_UNINITIALIZED_AUTOS = YES_AGGRESSIVE;
				GCC_WARN_UNUSED_FUNCTION = YES;
				GCC_WARN_UNUSED_VARIABLE = YES;
				IPHONEOS_DEPLOYMENT_TARGET = 17.5;
				LOCALIZATION_PREFERS_STRING_CATALOGS = YES;
				MTL_ENABLE_DEBUG_INFO = INCLUDE_SOURCE;
				MTL_FAST_MATH = YES;
				ONLY_ACTIVE_ARCH = YES;
				SDKROOT = iphoneos;
				SWIFT_ACTIVE_COMPILATION_CONDITIONS = "DEBUG $(inherited)";
				SWIFT_OPTIMIZATION_LEVEL = "-Onone";
			};
			name = Debug;
		};
		2138CE012D2BFD2A005F95F4 /* Release */ = {
			isa = XCBuildConfiguration;
			buildSettings = {
				ALWAYS_SEARCH_USER_PATHS = NO;
				ASSETCATALOG_COMPILER_GENERATE_SWIFT_ASSET_SYMBOL_EXTENSIONS = YES;
				CLANG_ANALYZER_NONNULL = YES;
				CLANG_ANALYZER_NUMBER_OBJECT_CONVERSION = YES_AGGRESSIVE;
				CLANG_CXX_LANGUAGE_STANDARD = "gnu++20";
				CLANG_ENABLE_MODULES = YES;
				CLANG_ENABLE_OBJC_ARC = YES;
				CLANG_ENABLE_OBJC_WEAK = YES;
				CLANG_WARN_BLOCK_CAPTURE_AUTORELEASING = YES;
				CLANG_WARN_BOOL_CONVERSION = YES;
				CLANG_WARN_COMMA = YES;
				CLANG_WARN_CONSTANT_CONVERSION = YES;
				CLANG_WARN_DEPRECATED_OBJC_IMPLEMENTATIONS = YES;
				CLANG_WARN_DIRECT_OBJC_ISA_USAGE = YES_ERROR;
				CLANG_WARN_DOCUMENTATION_COMMENTS = YES;
				CLANG_WARN_EMPTY_BODY = YES;
				CLANG_WARN_ENUM_CONVERSION = YES;
				CLANG_WARN_INFINITE_RECURSION = YES;
				CLANG_WARN_INT_CONVERSION = YES;
				CLANG_WARN_NON_LITERAL_NULL_CONVERSION = YES;
				CLANG_WARN_OBJC_IMPLICIT_RETAIN_SELF = YES;
				CLANG_WARN_OBJC_LITERAL_CONVERSION = YES;
				CLANG_WARN_OBJC_ROOT_CLASS = YES_ERROR;
				CLANG_WARN_QUOTED_INCLUDE_IN_FRAMEWORK_HEADER = YES;
				CLANG_WARN_RANGE_LOOP_ANALYSIS = YES;
				CLANG_WARN_STRICT_PROTOTYPES = YES;
				CLANG_WARN_SUSPICIOUS_MOVE = YES;
				CLANG_WARN_UNGUARDED_AVAILABILITY = YES_AGGRESSIVE;
				CLANG_WARN_UNREACHABLE_CODE = YES;
				CLANG_WARN__DUPLICATE_METHOD_MATCH = YES;
				COPY_PHASE_STRIP = NO;
				DEBUG_INFORMATION_FORMAT = "dwarf-with-dsym";
				ENABLE_NS_ASSERTIONS = NO;
				ENABLE_STRICT_OBJC_MSGSEND = YES;
				ENABLE_USER_SCRIPT_SANDBOXING = YES;
				GCC_C_LANGUAGE_STANDARD = gnu17;
				GCC_NO_COMMON_BLOCKS = YES;
				GCC_WARN_64_TO_32_BIT_CONVERSION = YES;
				GCC_WARN_ABOUT_RETURN_TYPE = YES_ERROR;
				GCC_WARN_UNDECLARED_SELECTOR = YES;
				GCC_WARN_UNINITIALIZED_AUTOS = YES_AGGRESSIVE;
				GCC_WARN_UNUSED_FUNCTION = YES;
				GCC_WARN_UNUSED_VARIABLE = YES;
				IPHONEOS_DEPLOYMENT_TARGET = 17.5;
				LOCALIZATION_PREFERS_STRING_CATALOGS = YES;
				MTL_ENABLE_DEBUG_INFO = NO;
				MTL_FAST_MATH = YES;
				SDKROOT = iphoneos;
				SWIFT_COMPILATION_MODE = wholemodule;
				VALIDATE_PRODUCT = YES;
			};
			name = Release;
		};
		2138CE032D2BFD2A005F95F4 /* Debug */ = {
			isa = XCBuildConfiguration;
			buildSettings = {
				ASSETCATALOG_COMPILER_APPICON_NAME = AppIcon;
				ASSETCATALOG_COMPILER_GLOBAL_ACCENT_COLOR_NAME = AccentColor;
				CODE_SIGN_STYLE = Automatic;
				CURRENT_PROJECT_VERSION = 1;
				DEVELOPMENT_ASSET_PATHS = "\"CustomButtonExample-iOS/Preview Content\"";
				DEVELOPMENT_TEAM = MMMJR6XCK4;
				ENABLE_PREVIEWS = YES;
				GENERATE_INFOPLIST_FILE = YES;
				INFOPLIST_KEY_UIApplicationSceneManifest_Generation = YES;
				INFOPLIST_KEY_UIApplicationSupportsIndirectInputEvents = YES;
				INFOPLIST_KEY_UILaunchScreen_Generation = YES;
				INFOPLIST_KEY_UISupportedInterfaceOrientations_iPad = "UIInterfaceOrientationPortrait UIInterfaceOrientationPortraitUpsideDown UIInterfaceOrientationLandscapeLeft UIInterfaceOrientationLandscapeRight";
				INFOPLIST_KEY_UISupportedInterfaceOrientations_iPhone = "UIInterfaceOrientationPortrait UIInterfaceOrientationLandscapeLeft UIInterfaceOrientationLandscapeRight";
				LD_RUNPATH_SEARCH_PATHS = (
					"$(inherited)",
					"@executable_path/Frameworks",
				);
				MARKETING_VERSION = 1.0;
				PRODUCT_BUNDLE_IDENTIFIER = "com.custom.components.CustomButtonExample-iOS";
				PRODUCT_NAME = "$(TARGET_NAME)";
				SWIFT_EMIT_LOC_STRINGS = YES;
				SWIFT_VERSION = 5.0;
				TARGETED_DEVICE_FAMILY = "1,2";
			};
			name = Debug;
		};
		2138CE042D2BFD2A005F95F4 /* Release */ = {
			isa = XCBuildConfiguration;
			buildSettings = {
				ASSETCATALOG_COMPILER_APPICON_NAME = AppIcon;
				ASSETCATALOG_COMPILER_GLOBAL_ACCENT_COLOR_NAME = AccentColor;
				CODE_SIGN_STYLE = Automatic;
				CURRENT_PROJECT_VERSION = 1;
				DEVELOPMENT_ASSET_PATHS = "\"CustomButtonExample-iOS/Preview Content\"";
				DEVELOPMENT_TEAM = MMMJR6XCK4;
				ENABLE_PREVIEWS = YES;
				GENERATE_INFOPLIST_FILE = YES;
				INFOPLIST_KEY_UIApplicationSceneManifest_Generation = YES;
				INFOPLIST_KEY_UIApplicationSupportsIndirectInputEvents = YES;
				INFOPLIST_KEY_UILaunchScreen_Generation = YES;
				INFOPLIST_KEY_UISupportedInterfaceOrientations_iPad = "UIInterfaceOrientationPortrait UIInterfaceOrientationPortraitUpsideDown UIInterfaceOrientationLandscapeLeft UIInterfaceOrientationLandscapeRight";
				INFOPLIST_KEY_UISupportedInterfaceOrientations_iPhone = "UIInterfaceOrientationPortrait UIInterfaceOrientationLandscapeLeft UIInterfaceOrientationLandscapeRight";
				LD_RUNPATH_SEARCH_PATHS = (
					"$(inherited)",
					"@executable_path/Frameworks",
				);
				MARKETING_VERSION = 1.0;
				PRODUCT_BUNDLE_IDENTIFIER = "com.custom.components.CustomButtonExample-iOS";
				PRODUCT_NAME = "$(TARGET_NAME)";
				SWIFT_EMIT_LOC_STRINGS = YES;
				SWIFT_VERSION = 5.0;
				TARGETED_DEVICE_FAMILY = "1,2";
			};
			name = Release;
		};
		2138CE062D2BFD2A005F95F4 /* Debug */ = {
			isa = XCBuildConfiguration;
			buildSettings = {
				ALWAYS_EMBED_SWIFT_STANDARD_LIBRARIES = YES;
				BUNDLE_LOADER = "$(TEST_HOST)";
				CODE_SIGN_STYLE = Automatic;
				CURRENT_PROJECT_VERSION = 1;
				DEVELOPMENT_TEAM = MMMJR6XCK4;
				GENERATE_INFOPLIST_FILE = YES;
				IPHONEOS_DEPLOYMENT_TARGET = 17.5;
				MARKETING_VERSION = 1.0;
				PRODUCT_BUNDLE_IDENTIFIER = "com.custom.components.CustomButtonExample-iOSTests";
				PRODUCT_NAME = "$(TARGET_NAME)";
				SWIFT_EMIT_LOC_STRINGS = NO;
				SWIFT_VERSION = 5.0;
				TARGETED_DEVICE_FAMILY = "1,2";
				TEST_HOST = "$(BUILT_PRODUCTS_DIR)/CustomButtonExample-iOS.app/$(BUNDLE_EXECUTABLE_FOLDER_PATH)/CustomButtonExample-iOS";
			};
			name = Debug;
		};
		2138CE072D2BFD2A005F95F4 /* Release */ = {
			isa = XCBuildConfiguration;
			buildSettings = {
				ALWAYS_EMBED_SWIFT_STANDARD_LIBRARIES = YES;
				BUNDLE_LOADER = "$(TEST_HOST)";
				CODE_SIGN_STYLE = Automatic;
				CURRENT_PROJECT_VERSION = 1;
				DEVELOPMENT_TEAM = MMMJR6XCK4;
				GENERATE_INFOPLIST_FILE = YES;
				IPHONEOS_DEPLOYMENT_TARGET = 17.5;
				MARKETING_VERSION = 1.0;
				PRODUCT_BUNDLE_IDENTIFIER = "com.custom.components.CustomButtonExample-iOSTests";
				PRODUCT_NAME = "$(TARGET_NAME)";
				SWIFT_EMIT_LOC_STRINGS = NO;
				SWIFT_VERSION = 5.0;
				TARGETED_DEVICE_FAMILY = "1,2";
				TEST_HOST = "$(BUILT_PRODUCTS_DIR)/CustomButtonExample-iOS.app/$(BUNDLE_EXECUTABLE_FOLDER_PATH)/CustomButtonExample-iOS";
			};
			name = Release;
		};
		2138CE092D2BFD2A005F95F4 /* Debug */ = {
			isa = XCBuildConfiguration;
			buildSettings = {
				ALWAYS_EMBED_SWIFT_STANDARD_LIBRARIES = YES;
				CODE_SIGN_STYLE = Automatic;
				CURRENT_PROJECT_VERSION = 1;
				DEVELOPMENT_TEAM = MMMJR6XCK4;
				GENERATE_INFOPLIST_FILE = YES;
				MARKETING_VERSION = 1.0;
				PRODUCT_BUNDLE_IDENTIFIER = "com.custom.components.CustomButtonExample-iOSUITests";
				PRODUCT_NAME = "$(TARGET_NAME)";
				SWIFT_EMIT_LOC_STRINGS = NO;
				SWIFT_VERSION = 5.0;
				TARGETED_DEVICE_FAMILY = "1,2";
				TEST_TARGET_NAME = "CustomButtonExample-iOS";
			};
			name = Debug;
		};
		2138CE0A2D2BFD2A005F95F4 /* Release */ = {
			isa = XCBuildConfiguration;
			buildSettings = {
				ALWAYS_EMBED_SWIFT_STANDARD_LIBRARIES = YES;
				CODE_SIGN_STYLE = Automatic;
				CURRENT_PROJECT_VERSION = 1;
				DEVELOPMENT_TEAM = MMMJR6XCK4;
				GENERATE_INFOPLIST_FILE = YES;
				MARKETING_VERSION = 1.0;
				PRODUCT_BUNDLE_IDENTIFIER = "com.custom.components.CustomButtonExample-iOSUITests";
				PRODUCT_NAME = "$(TARGET_NAME)";
				SWIFT_EMIT_LOC_STRINGS = NO;
				SWIFT_VERSION = 5.0;
				TARGETED_DEVICE_FAMILY = "1,2";
				TEST_TARGET_NAME = "CustomButtonExample-iOS";
			};
			name = Release;
		};
/* End XCBuildConfiguration section */

/* Begin XCConfigurationList section */
		2138CDD92D2BFD29005F95F4 /* Build configuration list for PBXProject "CustomButtonExample-iOS" */ = {
			isa = XCConfigurationList;
			buildConfigurations = (
				2138CE002D2BFD2A005F95F4 /* Debug */,
				2138CE012D2BFD2A005F95F4 /* Release */,
			);
			defaultConfigurationIsVisible = 0;
			defaultConfigurationName = Release;
		};
		2138CE022D2BFD2A005F95F4 /* Build configuration list for PBXNativeTarget "CustomButtonExample-iOS" */ = {
			isa = XCConfigurationList;
			buildConfigurations = (
				2138CE032D2BFD2A005F95F4 /* Debug */,
				2138CE042D2BFD2A005F95F4 /* Release */,
			);
			defaultConfigurationIsVisible = 0;
			defaultConfigurationName = Release;
		};
		2138CE052D2BFD2A005F95F4 /* Build configuration list for PBXNativeTarget "CustomButtonExample-iOSTests" */ = {
			isa = XCConfigurationList;
			buildConfigurations = (
				2138CE062D2BFD2A005F95F4 /* Debug */,
				2138CE072D2BFD2A005F95F4 /* Release */,
			);
			defaultConfigurationIsVisible = 0;
			defaultConfigurationName = Release;
		};
		2138CE082D2BFD2A005F95F4 /* Build configuration list for PBXNativeTarget "CustomButtonExample-iOSUITests" */ = {
			isa = XCConfigurationList;
			buildConfigurations = (
				2138CE092D2BFD2A005F95F4 /* Debug */,
				2138CE0A2D2BFD2A005F95F4 /* Release */,
			);
			defaultConfigurationIsVisible = 0;
			defaultConfigurationName = Release;
		};
/* End XCConfigurationList section */
	};
	rootObject = 2138CDD62D2BFD29005F95F4 /* Project object */;
}
